// !$*UTF8*$!
{
	archiveVersion = 1;
	classes = {
	};
	objectVersion = 77;
	objects = {

/* Begin PBXContainerItemProxy section */
		A3C9BA012E23E08E0090764B /* PBXContainerItemProxy */ = {
			isa = PBXContainerItemProxy;
			containerPortal = A3C9B9E92E23E08D0090764B /* Project object */;
			proxyType = 1;
			remoteGlobalIDString = A3C9B9F02E23E08D0090764B;
			remoteInfo = FoundationWriting;
		};
		A3C9BA0B2E23E08E0090764B /* PBXContainerItemProxy */ = {
			isa = PBXContainerItemProxy;
			containerPortal = A3C9B9E92E23E08D0090764B /* Project object */;
			proxyType = 1;
			remoteGlobalIDString = A3C9B9F02E23E08D0090764B;
			remoteInfo = FoundationWriting;
		};
/* End PBXContainerItemProxy section */

/* Begin PBXFileReference section */
		A3C9B9F12E23E08D0090764B /* FoundationWriting.app */ = {isa = PBXFileReference; explicitFileType = wrapper.application; includeInIndex = 0; path = FoundationWriting.app; sourceTree = BUILT_PRODUCTS_DIR; };
		A3C9BA002E23E08E0090764B /* FoundationWritingTests.xctest */ = {isa = PBXFileReference; explicitFileType = wrapper.cfbundle; includeInIndex = 0; path = FoundationWritingTests.xctest; sourceTree = BUILT_PRODUCTS_DIR; };
		A3C9BA0A2E23E08E0090764B /* FoundationWritingUITests.xctest */ = {isa = PBXFileReference; explicitFileType = wrapper.cfbundle; includeInIndex = 0; path = FoundationWritingUITests.xctest; sourceTree = BUILT_PRODUCTS_DIR; };
/* End PBXFileReference section */

/* Begin PBXFileSystemSynchronizedRootGroup section */
		A3C9B9F32E23E08D0090764B /* FoundationWriting */ = {
			isa = PBXFileSystemSynchronizedRootGroup;
			path = FoundationWriting;
			sourceTree = "<group>";
		};
		A3C9BA032E23E08E0090764B /* FoundationWritingTests */ = {
			isa = PBXFileSystemSynchronizedRootGroup;
			path = FoundationWritingTests;
			sourceTree = "<group>";
		};
		A3C9BA0D2E23E08E0090764B /* FoundationWritingUITests */ = {
			isa = PBXFileSystemSynchronizedRootGroup;
			path = FoundationWritingUITests;
			sourceTree = "<group>";
		};
/* End PBXFileSystemSynchronizedRootGroup section */

/* Begin PBXFrameworksBuildPhase section */
		A3C9B9EE2E23E08D0090764B /* Frameworks */ = {
			isa = PBXFrameworksBuildPhase;
			buildActionMask = 2147483647;
			files = (
			);
			runOnlyForDeploymentPostprocessing = 0;
		};
		A3C9B9FD2E23E08E0090764B /* Frameworks */ = {
			isa = PBXFrameworksBuildPhase;
			buildActionMask = 2147483647;
			files = (
			);
			runOnlyForDeploymentPostprocessing = 0;
		};
		A3C9BA072E23E08E0090764B /* Frameworks */ = {
			isa = PBXFrameworksBuildPhase;
			buildActionMask = 2147483647;
			files = (
			);
			runOnlyForDeploymentPostprocessing = 0;
		};
/* End PBXFrameworksBuildPhase section */

/* Begin PBXGroup section */
		A3C9B9E82E23E08D0090764B = {
			isa = PBXGroup;
			children = (
				A3C9B9F32E23E08D0090764B /* FoundationWriting */,
				A3C9BA032E23E08E0090764B /* FoundationWritingTests */,
				A3C9BA0D2E23E08E0090764B /* FoundationWritingUITests */,
				A3C9B9F22E23E08D0090764B /* Products */,
			);
			sourceTree = "<group>";
		};
		A3C9B9F22E23E08D0090764B /* Products */ = {
			isa = PBXGroup;
			children = (
				A3C9B9F12E23E08D0090764B /* FoundationWriting.app */,
				A3C9BA002E23E08E0090764B /* FoundationWritingTests.xctest */,
				A3C9BA0A2E23E08E0090764B /* FoundationWritingUITests.xctest */,
			);
			name = Products;
			sourceTree = "<group>";
		};
/* End PBXGroup section */

/* Begin PBXNativeTarget section */
		A3C9B9F02E23E08D0090764B /* FoundationWriting */ = {
			isa = PBXNativeTarget;
			buildConfigurationList = A3C9BA142E23E08E0090764B /* Build configuration list for PBXNativeTarget "FoundationWriting" */;
			buildPhases = (
				A3C9B9ED2E23E08D0090764B /* Sources */,
				A3C9B9EE2E23E08D0090764B /* Frameworks */,
				A3C9B9EF2E23E08D0090764B /* Resources */,
			);
			buildRules = (
			);
			dependencies = (
			);
			fileSystemSynchronizedGroups = (
				A3C9B9F32E23E08D0090764B /* FoundationWriting */,
			);
			name = FoundationWriting;
			packageProductDependencies = (
			);
			productName = FoundationWriting;
			productReference = A3C9B9F12E23E08D0090764B /* FoundationWriting.app */;
			productType = "com.apple.product-type.application";
		};
		A3C9B9FF2E23E08E0090764B /* FoundationWritingTests */ = {
			isa = PBXNativeTarget;
			buildConfigurationList = A3C9BA172E23E08E0090764B /* Build configuration list for PBXNativeTarget "FoundationWritingTests" */;
			buildPhases = (
				A3C9B9FC2E23E08E0090764B /* Sources */,
				A3C9B9FD2E23E08E0090764B /* Frameworks */,
				A3C9B9FE2E23E08E0090764B /* Resources */,
			);
			buildRules = (
			);
			dependencies = (
				A3C9BA022E23E08E0090764B /* PBXTargetDependency */,
			);
			fileSystemSynchronizedGroups = (
				A3C9BA032E23E08E0090764B /* FoundationWritingTests */,
			);
			name = FoundationWritingTests;
			packageProductDependencies = (
			);
			productName = FoundationWritingTests;
			productReference = A3C9BA002E23E08E0090764B /* FoundationWritingTests.xctest */;
			productType = "com.apple.product-type.bundle.unit-test";
		};
		A3C9BA092E23E08E0090764B /* FoundationWritingUITests */ = {
			isa = PBXNativeTarget;
			buildConfigurationList = A3C9BA1A2E23E08E0090764B /* Build configuration list for PBXNativeTarget "FoundationWritingUITests" */;
			buildPhases = (
				A3C9BA062E23E08E0090764B /* Sources */,
				A3C9BA072E23E08E0090764B /* Frameworks */,
				A3C9BA082E23E08E0090764B /* Resources */,
			);
			buildRules = (
			);
			dependencies = (
				A3C9BA0C2E23E08E0090764B /* PBXTargetDependency */,
			);
			fileSystemSynchronizedGroups = (
				A3C9BA0D2E23E08E0090764B /* FoundationWritingUITests */,
			);
			name = FoundationWritingUITests;
			packageProductDependencies = (
			);
			productName = FoundationWritingUITests;
			productReference = A3C9BA0A2E23E08E0090764B /* FoundationWritingUITests.xctest */;
			productType = "com.apple.product-type.bundle.ui-testing";
		};
/* End PBXNativeTarget section */

/* Begin PBXProject section */
		A3C9B9E92E23E08D0090764B /* Project object */ = {
			isa = PBXProject;
			attributes = {
				BuildIndependentTargetsInParallel = 1;
				LastSwiftUpdateCheck = 2600;
				LastUpgradeCheck = 2600;
				TargetAttributes = {
					A3C9B9F02E23E08D0090764B = {
						CreatedOnToolsVersion = 26.0;
					};
					A3C9B9FF2E23E08E0090764B = {
						CreatedOnToolsVersion = 26.0;
						TestTargetID = A3C9B9F02E23E08D0090764B;
					};
					A3C9BA092E23E08E0090764B = {
						CreatedOnToolsVersion = 26.0;
						TestTargetID = A3C9B9F02E23E08D0090764B;
					};
				};
			};
			buildConfigurationList = A3C9B9EC2E23E08D0090764B /* Build configuration list for PBXProject "FoundationWriting" */;
			developmentRegion = en;
			hasScannedForEncodings = 0;
			knownRegions = (
				en,
				Base,
			);
			mainGroup = A3C9B9E82E23E08D0090764B;
			minimizedProjectReferenceProxies = 1;
			preferredProjectObjectVersion = 77;
			productRefGroup = A3C9B9F22E23E08D0090764B /* Products */;
			projectDirPath = "";
			projectRoot = "";
			targets = (
				A3C9B9F02E23E08D0090764B /* FoundationWriting */,
				A3C9B9FF2E23E08E0090764B /* FoundationWritingTests */,
				A3C9BA092E23E08E0090764B /* FoundationWritingUITests */,
			);
		};
/* End PBXProject section */

/* Begin PBXResourcesBuildPhase section */
		A3C9B9EF2E23E08D0090764B /* Resources */ = {
			isa = PBXResourcesBuildPhase;
			buildActionMask = 2147483647;
			files = (
			);
			runOnlyForDeploymentPostprocessing = 0;
		};
		A3C9B9FE2E23E08E0090764B /* Resources */ = {
			isa = PBXResourcesBuildPhase;
			buildActionMask = 2147483647;
			files = (
			);
			runOnlyForDeploymentPostprocessing = 0;
		};
		A3C9BA082E23E08E0090764B /* Resources */ = {
			isa = PBXResourcesBuildPhase;
			buildActionMask = 2147483647;
			files = (
			);
			runOnlyForDeploymentPostprocessing = 0;
		};
/* End PBXResourcesBuildPhase section */

/* Begin PBXSourcesBuildPhase section */
		A3C9B9ED2E23E08D0090764B /* Sources */ = {
			isa = PBXSourcesBuildPhase;
			buildActionMask = 2147483647;
			files = (
			);
			runOnlyForDeploymentPostprocessing = 0;
		};
		A3C9B9FC2E23E08E0090764B /* Sources */ = {
			isa = PBXSourcesBuildPhase;
			buildActionMask = 2147483647;
			files = (
			);
			runOnlyForDeploymentPostprocessing = 0;
		};
		A3C9BA062E23E08E0090764B /* Sources */ = {
			isa = PBXSourcesBuildPhase;
			buildActionMask = 2147483647;
			files = (
			);
			runOnlyForDeploymentPostprocessing = 0;
		};
/* End PBXSourcesBuildPhase section */

/* Begin PBXTargetDependency section */
		A3C9BA022E23E08E0090764B /* PBXTargetDependency */ = {
			isa = PBXTargetDependency;
			target = A3C9B9F02E23E08D0090764B /* FoundationWriting */;
			targetProxy = A3C9BA012E23E08E0090764B /* PBXContainerItemProxy */;
		};
		A3C9BA0C2E23E08E0090764B /* PBXTargetDependency */ = {
			isa = PBXTargetDependency;
			target = A3C9B9F02E23E08D0090764B /* FoundationWriting */;
			targetProxy = A3C9BA0B2E23E08E0090764B /* PBXContainerItemProxy */;
		};
/* End PBXTargetDependency section */

/* Begin XCBuildConfiguration section */
		A3C9BA122E23E08E0090764B /* Debug */ = {
			isa = XCBuildConfiguration;
			buildSettings = {
				ALWAYS_SEARCH_USER_PATHS = NO;
				ASSETCATALOG_COMPILER_GENERATE_SWIFT_ASSET_SYMBOL_EXTENSIONS = YES;
				CLANG_ANALYZER_NONNULL = YES;
				CLANG_ANALYZER_NUMBER_OBJECT_CONVERSION = YES_AGGRESSIVE;
				CLANG_CXX_LANGUAGE_STANDARD = "gnu++20";
				CLANG_ENABLE_MODULES = YES;
				CLANG_ENABLE_OBJC_ARC = YES;
				CLANG_ENABLE_OBJC_WEAK = YES;
				CLANG_WARN_BLOCK_CAPTURE_AUTORELEASING = YES;
				CLANG_WARN_BOOL_CONVERSION = YES;
				CLANG_WARN_COMMA = YES;
				CLANG_WARN_CONSTANT_CONVERSION = YES;
				CLANG_WARN_DEPRECATED_OBJC_IMPLEMENTATIONS = YES;
				CLANG_WARN_DIRECT_OBJC_ISA_USAGE = YES_ERROR;
				CLANG_WARN_DOCUMENTATION_COMMENTS = YES;
				CLANG_WARN_EMPTY_BODY = YES;
				CLANG_WARN_ENUM_CONVERSION = YES;
				CLANG_WARN_INFINITE_RECURSION = YES;
				CLANG_WARN_INT_CONVERSION = YES;
				CLANG_WARN_NON_LITERAL_NULL_CONVERSION = YES;
				CLANG_WARN_OBJC_IMPLICIT_RETAIN_SELF = YES;
				CLANG_WARN_OBJC_LITERAL_CONVERSION = YES;
				CLANG_WARN_OBJC_ROOT_CLASS = YES_ERROR;
				CLANG_WARN_QUOTED_INCLUDE_IN_FRAMEWORK_HEADER = YES;
				CLANG_WARN_RANGE_LOOP_ANALYSIS = YES;
				CLANG_WARN_STRICT_PROTOTYPES = YES;
				CLANG_WARN_SUSPICIOUS_MOVE = YES;
				CLANG_WARN_UNGUARDED_AVAILABILITY = YES_AGGRESSIVE;
				CLANG_WARN_UNREACHABLE_CODE = YES;
				CLANG_WARN__DUPLICATE_METHOD_MATCH = YES;
				COPY_PHASE_STRIP = NO;
				DEBUG_INFORMATION_FORMAT = dwarf;
				DEVELOPMENT_TEAM = 5BMZT525A2;
				ENABLE_STRICT_OBJC_MSGSEND = YES;
				ENABLE_TESTABILITY = YES;
				ENABLE_USER_SCRIPT_SANDBOXING = YES;
				GCC_C_LANGUAGE_STANDARD = gnu17;
				GCC_DYNAMIC_NO_PIC = NO;
				GCC_NO_COMMON_BLOCKS = YES;
				GCC_OPTIMIZATION_LEVEL = 0;
				GCC_PREPROCESSOR_DEFINITIONS = (
					"DEBUG=1",
					"$(inherited)",
				);
				GCC_WARN_64_TO_32_BIT_CONVERSION = YES;
				GCC_WARN_ABOUT_RETURN_TYPE = YES_ERROR;
				GCC_WARN_UNDECLARED_SELECTOR = YES;
				GCC_WARN_UNINITIALIZED_AUTOS = YES_AGGRESSIVE;
				GCC_WARN_UNUSED_FUNCTION = YES;
				GCC_WARN_UNUSED_VARIABLE = YES;
				LOCALIZATION_PREFERS_STRING_CATALOGS = YES;
				MACOSX_DEPLOYMENT_TARGET = 26.0;
				MTL_ENABLE_DEBUG_INFO = INCLUDE_SOURCE;
				MTL_FAST_MATH = YES;
				ONLY_ACTIVE_ARCH = YES;
				SDKROOT = macosx;
				SWIFT_ACTIVE_COMPILATION_CONDITIONS = "DEBUG $(inherited)";
				SWIFT_OPTIMIZATION_LEVEL = "-Onone";
			};
			name = Debug;
		};
		A3C9BA132E23E08E0090764B /* Release */ = {
			isa = XCBuildConfiguration;
			buildSettings = {
				ALWAYS_SEARCH_USER_PATHS = NO;
				ASSETCATALOG_COMPILER_GENERATE_SWIFT_ASSET_SYMBOL_EXTENSIONS = YES;
				CLANG_ANALYZER_NONNULL = YES;
				CLANG_ANALYZER_NUMBER_OBJECT_CONVERSION = YES_AGGRESSIVE;
				CLANG_CXX_LANGUAGE_STANDARD = "gnu++20";
				CLANG_ENABLE_MODULES = YES;
				CLANG_ENABLE_OBJC_ARC = YES;
				CLANG_ENABLE_OBJC_WEAK = YES;
				CLANG_WARN_BLOCK_CAPTURE_AUTORELEASING = YES;
				CLANG_WARN_BOOL_CONVERSION = YES;
				CLANG_WARN_COMMA = YES;
				CLANG_WARN_CONSTANT_CONVERSION = YES;
				CLANG_WARN_DEPRECATED_OBJC_IMPLEMENTATIONS = YES;
				CLANG_WARN_DIRECT_OBJC_ISA_USAGE = YES_ERROR;
				CLANG_WARN_DOCUMENTATION_COMMENTS = YES;
				CLANG_WARN_EMPTY_BODY = YES;
				CLANG_WARN_ENUM_CONVERSION = YES;
				CLANG_WARN_INFINITE_RECURSION = YES;
				CLANG_WARN_INT_CONVERSION = YES;
				CLANG_WARN_NON_LITERAL_NULL_CONVERSION = YES;
				CLANG_WARN_OBJC_IMPLICIT_RETAIN_SELF = YES;
				CLANG_WARN_OBJC_LITERAL_CONVERSION = YES;
				CLANG_WARN_OBJC_ROOT_CLASS = YES_ERROR;
				CLANG_WARN_QUOTED_INCLUDE_IN_FRAMEWORK_HEADER = YES;
				CLANG_WARN_RANGE_LOOP_ANALYSIS = YES;
				CLANG_WARN_STRICT_PROTOTYPES = YES;
				CLANG_WARN_SUSPICIOUS_MOVE = YES;
				CLANG_WARN_UNGUARDED_AVAILABILITY = YES_AGGRESSIVE;
				CLANG_WARN_UNREACHABLE_CODE = YES;
				CLANG_WARN__DUPLICATE_METHOD_MATCH = YES;
				COPY_PHASE_STRIP = NO;
				DEBUG_INFORMATION_FORMAT = "dwarf-with-dsym";
				DEVELOPMENT_TEAM = 5BMZT525A2;
				ENABLE_NS_ASSERTIONS = NO;
				ENABLE_STRICT_OBJC_MSGSEND = YES;
				ENABLE_USER_SCRIPT_SANDBOXING = YES;
				GCC_C_LANGUAGE_STANDARD = gnu17;
				GCC_NO_COMMON_BLOCKS = YES;
				GCC_WARN_64_TO_32_BIT_CONVERSION = YES;
				GCC_WARN_ABOUT_RETURN_TYPE = YES_ERROR;
				GCC_WARN_UNDECLARED_SELECTOR = YES;
				GCC_WARN_UNINITIALIZED_AUTOS = YES_AGGRESSIVE;
				GCC_WARN_UNUSED_FUNCTION = YES;
				GCC_WARN_UNUSED_VARIABLE = YES;
				LOCALIZATION_PREFERS_STRING_CATALOGS = YES;
				MACOSX_DEPLOYMENT_TARGET = 26.0;
				MTL_ENABLE_DEBUG_INFO = NO;
				MTL_FAST_MATH = YES;
				SDKROOT = macosx;
				SWIFT_COMPILATION_MODE = wholemodule;
			};
			name = Release;
		};
		A3C9BA152E23E08E0090764B /* Debug */ = {
			isa = XCBuildConfiguration;
			buildSettings = {
				ASSETCATALOG_COMPILER_APPICON_NAME = AppIcon;
				ASSETCATALOG_COMPILER_GLOBAL_ACCENT_COLOR_NAME = AccentColor;
				CODE_SIGN_STYLE = Automatic;
				COMBINE_HIDPI_IMAGES = YES;
				CURRENT_PROJECT_VERSION = 1;
				DEVELOPMENT_TEAM = 5BMZT525A2;
				ENABLE_APP_SANDBOX = YES;
				ENABLE_HARDENED_RUNTIME = YES;
				ENABLE_PREVIEWS = YES;
				ENABLE_USER_SELECTED_FILES = readonly;
				GENERATE_INFOPLIST_FILE = YES;
				INFOPLIST_KEY_NSHumanReadableCopyright = "";
				LD_RUNPATH_SEARCH_PATHS = (
					"$(inherited)",
					"@executable_path/../Frameworks",
				);
				MARKETING_VERSION = 1.0;
				PRODUCT_BUNDLE_IDENTIFIER = Infektyd.FoundationWriting;
				PRODUCT_NAME = "$(TARGET_NAME)";
				REGISTER_APP_GROUPS = YES;
				STRING_CATALOG_GENERATE_SYMBOLS = YES;
				SWIFT_APPROACHABLE_CONCURRENCY = YES;
				SWIFT_DEFAULT_ACTOR_ISOLATION = MainActor;
				SWIFT_EMIT_LOC_STRINGS = YES;
				SWIFT_UPCOMING_FEATURE_MEMBER_IMPORT_VISIBILITY = YES;
				SWIFT_VERSION = 5.0;
			};
			name = Debug;
		};
		A3C9BA162E23E08E0090764B /* Release */ = {
			isa = XCBuildConfiguration;
			buildSettings = {
				ASSETCATALOG_COMPILER_APPICON_NAME = AppIcon;
				ASSETCATALOG_COMPILER_GLOBAL_ACCENT_COLOR_NAME = AccentColor;
				CODE_SIGN_STYLE = Automatic;
				COMBINE_HIDPI_IMAGES = YES;
				CURRENT_PROJECT_VERSION = 1;
				DEVELOPMENT_TEAM = 5BMZT525A2;
				ENABLE_APP_SANDBOX = YES;
				ENABLE_HARDENED_RUNTIME = YES;
				ENABLE_PREVIEWS = YES;
				ENABLE_USER_SELECTED_FILES = readonly;
				GENERATE_INFOPLIST_FILE = YES;
				INFOPLIST_KEY_NSHumanReadableCopyright = "";
				LD_RUNPATH_SEARCH_PATHS = (
					"$(inherited)",
					"@executable_path/../Frameworks",
				);
				MARKETING_VERSION = 1.0;
				PRODUCT_BUNDLE_IDENTIFIER = Infektyd.FoundationWriting;
				PRODUCT_NAME = "$(TARGET_NAME)";
				REGISTER_APP_GROUPS = YES;
				STRING_CATALOG_GENERATE_SYMBOLS = YES;
				SWIFT_APPROACHABLE_CONCURRENCY = YES;
				SWIFT_DEFAULT_ACTOR_ISOLATION = MainActor;
				SWIFT_EMIT_LOC_STRINGS = YES;
				SWIFT_UPCOMING_FEATURE_MEMBER_IMPORT_VISIBILITY = YES;
				SWIFT_VERSION = 5.0;
			};
			name = Release;
		};
		A3C9BA182E23E08E0090764B /* Debug */ = {
			isa = XCBuildConfiguration;
			buildSettings = {
				BUNDLE_LOADER = "$(TEST_HOST)";
				CODE_SIGN_STYLE = Automatic;
				CURRENT_PROJECT_VERSION = 1;
				DEVELOPMENT_TEAM = 5BMZT525A2;
				GENERATE_INFOPLIST_FILE = YES;
				MACOSX_DEPLOYMENT_TARGET = 26.0;
				MARKETING_VERSION = 1.0;
				PRODUCT_BUNDLE_IDENTIFIER = Infektyd.FoundationWritingTests;
				PRODUCT_NAME = "$(TARGET_NAME)";
				STRING_CATALOG_GENERATE_SYMBOLS = NO;
				SWIFT_APPROACHABLE_CONCURRENCY = YES;
				SWIFT_EMIT_LOC_STRINGS = NO;
				SWIFT_UPCOMING_FEATURE_MEMBER_IMPORT_VISIBILITY = YES;
				SWIFT_VERSION = 5.0;
				TEST_HOST = "$(BUILT_PRODUCTS_DIR)/FoundationWriting.app/$(BUNDLE_EXECUTABLE_FOLDER_PATH)/FoundationWriting";
			};
			name = Debug;
		};
		A3C9BA192E23E08E0090764B /* Release */ = {
			isa = XCBuildConfiguration;
			buildSettings = {
				BUNDLE_LOADER = "$(TEST_HOST)";
				CODE_SIGN_STYLE = Automatic;
				CURRENT_PROJECT_VERSION = 1;
				DEVELOPMENT_TEAM = 5BMZT525A2;
				GENERATE_INFOPLIST_FILE = YES;
				MACOSX_DEPLOYMENT_TARGET = 26.0;
				MARKETING_VERSION = 1.0;
				PRODUCT_BUNDLE_IDENTIFIER = Infektyd.FoundationWritingTests;
				PRODUCT_NAME = "$(TARGET_NAME)";
				STRING_CATALOG_GENERATE_SYMBOLS = NO;
				SWIFT_APPROACHABLE_CONCURRENCY = YES;
				SWIFT_EMIT_LOC_STRINGS = NO;
				SWIFT_UPCOMING_FEATURE_MEMBER_IMPORT_VISIBILITY = YES;
				SWIFT_VERSION = 5.0;
				TEST_HOST = "$(BUILT_PRODUCTS_DIR)/FoundationWriting.app/$(BUNDLE_EXECUTABLE_FOLDER_PATH)/FoundationWriting";
			};
			name = Release;
		};
		A3C9BA1B2E23E08E0090764B /* Debug */ = {
			isa = XCBuildConfiguration;
			buildSettings = {
				CODE_SIGN_STYLE = Automatic;
				CURRENT_PROJECT_VERSION = 1;
				DEVELOPMENT_TEAM = 5BMZT525A2;
				GENERATE_INFOPLIST_FILE = YES;
				MARKETING_VERSION = 1.0;
				PRODUCT_BUNDLE_IDENTIFIER = Infektyd.FoundationWritingUITests;
				PRODUCT_NAME = "$(TARGET_NAME)";
				STRING_CATALOG_GENERATE_SYMBOLS = NO;
				SWIFT_APPROACHABLE_CONCURRENCY = YES;
				SWIFT_EMIT_LOC_STRINGS = NO;
				SWIFT_UPCOMING_FEATURE_MEMBER_IMPORT_VISIBILITY = YES;
				SWIFT_VERSION = 5.0;
				TEST_TARGET_NAME = FoundationWriting;
			};
			name = Debug;
		};
		A3C9BA1C2E23E08E0090764B /* Release */ = {
			isa = XCBuildConfiguration;
			buildSettings = {
				CODE_SIGN_STYLE = Automatic;
				CURRENT_PROJECT_VERSION = 1;
				DEVELOPMENT_TEAM = 5BMZT525A2;
				GENERATE_INFOPLIST_FILE = YES;
				MARKETING_VERSION = 1.0;
				PRODUCT_BUNDLE_IDENTIFIER = Infektyd.FoundationWritingUITests;
				PRODUCT_NAME = "$(TARGET_NAME)";
				STRING_CATALOG_GENERATE_SYMBOLS = NO;
				SWIFT_APPROACHABLE_CONCURRENCY = YES;
				SWIFT_EMIT_LOC_STRINGS = NO;
				SWIFT_UPCOMING_FEATURE_MEMBER_IMPORT_VISIBILITY = YES;
				SWIFT_VERSION = 5.0;
				TEST_TARGET_NAME = FoundationWriting;
			};
			name = Release;
		};
/* End XCBuildConfiguration section */

/* Begin XCConfigurationList section */
		A3C9B9EC2E23E08D0090764B /* Build configuration list for PBXProject "FoundationWriting" */ = {
			isa = XCConfigurationList;
			buildConfigurations = (
				A3C9BA122E23E08E0090764B /* Debug */,
				A3C9BA132E23E08E0090764B /* Release */,
			);
			defaultConfigurationIsVisible = 0;
			defaultConfigurationName = Release;
		};
		A3C9BA142E23E08E0090764B /* Build configuration list for PBXNativeTarget "FoundationWriting" */ = {
			isa = XCConfigurationList;
			buildConfigurations = (
				A3C9BA152E23E08E0090764B /* Debug */,
				A3C9BA162E23E08E0090764B /* Release */,
			);
			defaultConfigurationIsVisible = 0;
			defaultConfigurationName = Release;
		};
		A3C9BA172E23E08E0090764B /* Build configuration list for PBXNativeTarget "FoundationWritingTests" */ = {
			isa = XCConfigurationList;
			buildConfigurations = (
				A3C9BA182E23E08E0090764B /* Debug */,
				A3C9BA192E23E08E0090764B /* Release */,
			);
			defaultConfigurationIsVisible = 0;
			defaultConfigurationName = Release;
		};
		A3C9BA1A2E23E08E0090764B /* Build configuration list for PBXNativeTarget "FoundationWritingUITests" */ = {
			isa = XCConfigurationList;
			buildConfigurations = (
				A3C9BA1B2E23E08E0090764B /* Debug */,
				A3C9BA1C2E23E08E0090764B /* Release */,
			);
			defaultConfigurationIsVisible = 0;
			defaultConfigurationName = Release;
		};
/* End XCConfigurationList section */
	};
	rootObject = A3C9B9E92E23E08D0090764B /* Project object */;
}
